Microsoft Visual Studio Solution File, Format Version 12.00
# Visual Studio Version 17
VisualStudioVersion = 17.5.2.0
MinimumVisualStudioVersion = 10.0.40219.1
Project("{FAE04EC0-301F-11D3-BF4B-00C04F79EFBC}") = "WetterdatenImporter", "WetterdatenImporter\WetterdatenImporter.csproj", "{AFB0D39C-5318-B9BA-902D-D3B11FC0E70F}"
EndProject
Global
	GlobalSection(SolutionConfigurationPlatforms) = preSolution
		Debug|Any CPU = Debug|Any CPU
		Release|Any CPU = Release|Any CPU
	EndGlobalSection
	GlobalSection(ProjectConfigurationPlatforms) = postSolution
		{AFB0D39C-5318-B9BA-902D-D3B11FC0E70F}.Debug|Any CPU.ActiveCfg = Debug|Any CPU
		{AFB0D39C-5318-B9BA-902D-D3B11FC0E70F}.Debug|Any CPU.Build.0 = Debug|Any CPU
		{AFB0D39C-5318-B9BA-902D-D3B11FC0E70F}.Release|Any CPU.ActiveCfg = Release|Any CPU
		{AFB0D39C-5318-B9BA-902D-D3B11FC0E70F}.Release|Any CPU.Build.0 = Release|Any CPU
	EndGlobalSection
	GlobalSection(SolutionProperties) = preSolution
		HideSolutionNode = FALSE
	EndGlobalSection
	GlobalSection(ExtensibilityGlobals) = postSolution
		SolutionGuid = {026B9B55-11D6-4CB9-B253-5FADE448D8EB}
	EndGlobalSection
EndGlobal
